
Microsoft Visual Studio Solution File, Format Version 12.00
# Visual Studio Version 17
VisualStudioVersion = 17.3.32922.545
MinimumVisualStudioVersion = 10.0.40219.1
Project("{FAE04EC0-301F-11D3-BF4B-00C04F79EFBC}") = "30-09-2022", "30-09-2022\30-09-2022.csproj", "{BFC88329-0948-4D2B-9B4D-15BBC5386B36}"
EndProject
Project("{FAE04EC0-301F-11D3-BF4B-00C04F79EFBC}") = "BLL", "BLL\BLL.csproj", "{3DA6B7F5-E1B1-42D3-B44A-E68494BA0F47}"
EndProject
Global
	GlobalSection(SolutionConfigurationPlatforms) = preSolution
		Debug|Any CPU = Debug|Any CPU
		Release|Any CPU = Release|Any CPU
	EndGlobalSection
	GlobalSection(ProjectConfigurationPlatforms) = postSolution
		{BFC88329-0948-4D2B-9B4D-15BBC5386B36}.Debug|Any CPU.ActiveCfg = Debug|Any CPU
		{BFC88329-0948-4D2B-9B4D-15BBC5386B36}.Debug|Any CPU.Build.0 = Debug|Any CPU
		{BFC88329-0948-4D2B-9B4D-15BBC5386B36}.Release|Any CPU.ActiveCfg = Release|Any CPU
		{BFC88329-0948-4D2B-9B4D-15BBC5386B36}.Release|Any CPU.Build.0 = Release|Any CPU
		{3DA6B7F5-E1B1-42D3-B44A-E68494BA0F47}.Debug|Any CPU.ActiveCfg = Debug|Any CPU
		{3DA6B7F5-E1B1-42D3-B44A-E68494BA0F47}.Debug|Any CPU.Build.0 = Debug|Any CPU
		{3DA6B7F5-E1B1-42D3-B44A-E68494BA0F47}.Release|Any CPU.ActiveCfg = Release|Any CPU
		{3DA6B7F5-E1B1-42D3-B44A-E68494BA0F47}.Release|Any CPU.Build.0 = Release|Any CPU
	EndGlobalSection
	GlobalSection(SolutionProperties) = preSolution
		HideSolutionNode = FALSE
	EndGlobalSection
	GlobalSection(ExtensibilityGlobals) = postSolution
		SolutionGuid = {6D3751F9-8DF2-44B7-94DB-FF0CBA64656B}
	EndGlobalSection
EndGlobal
