
Microsoft Visual Studio Solution File, Format Version 12.00
# Visual Studio Version 17
VisualStudioVersion = 17.3.32811.315
MinimumVisualStudioVersion = 10.0.40219.1
Project("{FAE04EC0-301F-11D3-BF4B-00C04F79EFBC}") = "14-09-2022 problem", "14-09-2022 problem\14-09-2022 problem.csproj", "{1EF0A2D1-5796-44A8-A14E-36C249C5AADA}"
	ProjectSection(ProjectDependencies) = postProject
		{1697EC43-E111-4211-B47E-5048D2C8CE56} = {1697EC43-E111-4211-B47E-5048D2C8CE56}
	EndProjectSection
EndProject
Project("{FAE04EC0-301F-11D3-BF4B-00C04F79EFBC}") = "ClassLibrary", "ClassLibrary\ClassLibrary.csproj", "{1697EC43-E111-4211-B47E-5048D2C8CE56}"
EndProject
Global
	GlobalSection(SolutionConfigurationPlatforms) = preSolution
		Debug|Any CPU = Debug|Any CPU
		Release|Any CPU = Release|Any CPU
	EndGlobalSection
	GlobalSection(ProjectConfigurationPlatforms) = postSolution
		{1EF0A2D1-5796-44A8-A14E-36C249C5AADA}.Debug|Any CPU.ActiveCfg = Debug|Any CPU
		{1EF0A2D1-5796-44A8-A14E-36C249C5AADA}.Debug|Any CPU.Build.0 = Debug|Any CPU
		{1EF0A2D1-5796-44A8-A14E-36C249C5AADA}.Release|Any CPU.ActiveCfg = Release|Any CPU
		{1EF0A2D1-5796-44A8-A14E-36C249C5AADA}.Release|Any CPU.Build.0 = Release|Any CPU
		{1697EC43-E111-4211-B47E-5048D2C8CE56}.Debug|Any CPU.ActiveCfg = Debug|Any CPU
		{1697EC43-E111-4211-B47E-5048D2C8CE56}.Debug|Any CPU.Build.0 = Debug|Any CPU
		{1697EC43-E111-4211-B47E-5048D2C8CE56}.Release|Any CPU.ActiveCfg = Release|Any CPU
		{1697EC43-E111-4211-B47E-5048D2C8CE56}.Release|Any CPU.Build.0 = Release|Any CPU
	EndGlobalSection
	GlobalSection(SolutionProperties) = preSolution
		HideSolutionNode = FALSE
	EndGlobalSection
	GlobalSection(ExtensibilityGlobals) = postSolution
		SolutionGuid = {64731F20-4E39-44E9-9151-2BE9CD0BD72A}
	EndGlobalSection
EndGlobal
