
Microsoft Visual Studio Solution File, Format Version 12.00
# Visual Studio Version 17
VisualStudioVersion = 17.3.32811.315
MinimumVisualStudioVersion = 10.0.40219.1
Project("{FAE04EC0-301F-11D3-BF4B-00C04F79EFBC}") = "Rainbow School", "Rainbow School\Rainbow School.csproj", "{B6C83AA5-6EC5-4F96-9AC6-2832EDBFE181}"
	ProjectSection(ProjectDependencies) = postProject
		{19CF153A-C1D6-4AA4-B99A-584CE681A58E} = {19CF153A-C1D6-4AA4-B99A-584CE681A58E}
	EndProjectSection
EndProject
Project("{FAE04EC0-301F-11D3-BF4B-00C04F79EFBC}") = "models", "models\models.csproj", "{19CF153A-C1D6-4AA4-B99A-584CE681A58E}"
EndProject
Project("{2150E333-8FDC-42A3-9474-1A3956D46DE8}") = "Solution Items", "Solution Items", "{845D0411-FFFA-4F66-AEA3-56DF5C354DF2}"
	ProjectSection(SolutionItems) = preProject
		dataStudents.txt = dataStudents.txt
		dataSubjects.txt = dataSubjects.txt
		dataTeachers.txt = dataTeachers.txt
	EndProjectSection
EndProject
Global
	GlobalSection(SolutionConfigurationPlatforms) = preSolution
		Debug|Any CPU = Debug|Any CPU
		Release|Any CPU = Release|Any CPU
	EndGlobalSection
	GlobalSection(ProjectConfigurationPlatforms) = postSolution
		{B6C83AA5-6EC5-4F96-9AC6-2832EDBFE181}.Debug|Any CPU.ActiveCfg = Debug|Any CPU
		{B6C83AA5-6EC5-4F96-9AC6-2832EDBFE181}.Debug|Any CPU.Build.0 = Debug|Any CPU
		{B6C83AA5-6EC5-4F96-9AC6-2832EDBFE181}.Release|Any CPU.ActiveCfg = Release|Any CPU
		{B6C83AA5-6EC5-4F96-9AC6-2832EDBFE181}.Release|Any CPU.Build.0 = Release|Any CPU
		{19CF153A-C1D6-4AA4-B99A-584CE681A58E}.Debug|Any CPU.ActiveCfg = Debug|Any CPU
		{19CF153A-C1D6-4AA4-B99A-584CE681A58E}.Debug|Any CPU.Build.0 = Debug|Any CPU
		{19CF153A-C1D6-4AA4-B99A-584CE681A58E}.Release|Any CPU.ActiveCfg = Release|Any CPU
		{19CF153A-C1D6-4AA4-B99A-584CE681A58E}.Release|Any CPU.Build.0 = Release|Any CPU
	EndGlobalSection
	GlobalSection(SolutionProperties) = preSolution
		HideSolutionNode = FALSE
	EndGlobalSection
	GlobalSection(ExtensibilityGlobals) = postSolution
		SolutionGuid = {5BC8949C-F113-4140-AF95-8CAB54388944}
	EndGlobalSection
EndGlobal
