
Microsoft Visual Studio Solution File, Format Version 12.00
# Visual Studio Version 17
VisualStudioVersion = 17.3.32922.545
MinimumVisualStudioVersion = 10.0.40219.1
Project("{FAE04EC0-301F-11D3-BF4B-00C04F79EFBC}") = "CustomerOrderService", "CustomerOrderService\CustomerOrderService.csproj", "{428843F9-998E-46F7-931C-BC24523B49E3}"
EndProject
Project("{FAE04EC0-301F-11D3-BF4B-00C04F79EFBC}") = "CustomerOrderService.Tests", "CustomerOrderService.Tests\CustomerOrderService.Tests.csproj", "{C97B5D3F-06EC-4DA3-A214-CB8DF75B474B}"
EndProject
Global
	GlobalSection(SolutionConfigurationPlatforms) = preSolution
		Debug|Any CPU = Debug|Any CPU
		Release|Any CPU = Release|Any CPU
	EndGlobalSection
	GlobalSection(ProjectConfigurationPlatforms) = postSolution
		{428843F9-998E-46F7-931C-BC24523B49E3}.Debug|Any CPU.ActiveCfg = Debug|Any CPU
		{428843F9-998E-46F7-931C-BC24523B49E3}.Debug|Any CPU.Build.0 = Debug|Any CPU
		{428843F9-998E-46F7-931C-BC24523B49E3}.Release|Any CPU.ActiveCfg = Release|Any CPU
		{428843F9-998E-46F7-931C-BC24523B49E3}.Release|Any CPU.Build.0 = Release|Any CPU
		{C97B5D3F-06EC-4DA3-A214-CB8DF75B474B}.Debug|Any CPU.ActiveCfg = Debug|Any CPU
		{C97B5D3F-06EC-4DA3-A214-CB8DF75B474B}.Debug|Any CPU.Build.0 = Debug|Any CPU
		{C97B5D3F-06EC-4DA3-A214-CB8DF75B474B}.Release|Any CPU.ActiveCfg = Release|Any CPU
		{C97B5D3F-06EC-4DA3-A214-CB8DF75B474B}.Release|Any CPU.Build.0 = Release|Any CPU
	EndGlobalSection
	GlobalSection(SolutionProperties) = preSolution
		HideSolutionNode = FALSE
	EndGlobalSection
	GlobalSection(ExtensibilityGlobals) = postSolution
		SolutionGuid = {0EAAEF67-035C-4116-9032-8C5F0CCD940C}
	EndGlobalSection
EndGlobal
