
Microsoft Visual Studio Solution File, Format Version 12.00
# Visual Studio Version 17
VisualStudioVersion = 17.3.32811.315
MinimumVisualStudioVersion = 10.0.40219.1
Project("{FAE04EC0-301F-11D3-BF4B-00C04F79EFBC}") = "Insertion sort", "Insertion sort\Insertion sort.csproj", "{D59973EF-0899-48B8-AFFA-4279156C4B05}"
EndProject
Global
	GlobalSection(SolutionConfigurationPlatforms) = preSolution
		Debug|Any CPU = Debug|Any CPU
		Release|Any CPU = Release|Any CPU
	EndGlobalSection
	GlobalSection(ProjectConfigurationPlatforms) = postSolution
		{D59973EF-0899-48B8-AFFA-4279156C4B05}.Debug|Any CPU.ActiveCfg = Debug|Any CPU
		{D59973EF-0899-48B8-AFFA-4279156C4B05}.Debug|Any CPU.Build.0 = Debug|Any CPU
		{D59973EF-0899-48B8-AFFA-4279156C4B05}.Release|Any CPU.ActiveCfg = Release|Any CPU
		{D59973EF-0899-48B8-AFFA-4279156C4B05}.Release|Any CPU.Build.0 = Release|Any CPU
	EndGlobalSection
	GlobalSection(SolutionProperties) = preSolution
		HideSolutionNode = FALSE
	EndGlobalSection
	GlobalSection(ExtensibilityGlobals) = postSolution
		SolutionGuid = {8A09E3C0-9D4F-46F5-872C-21FFE0D3A7F3}
	EndGlobalSection
EndGlobal
