
Microsoft Visual Studio Solution File, Format Version 12.00
# Visual Studio Version 17
VisualStudioVersion = 17.3.32811.315
MinimumVisualStudioVersion = 10.0.40219.1
Project("{9A19103F-16F7-4668-BE54-9A1E7A4F7556}") = "logicoftheapp", "logicoftheapp\logicoftheapp.csproj", "{E0771D44-F07F-4EF6-B153-306BEEE66E32}"
	ProjectSection(ProjectDependencies) = postProject
		{C0CA3CB9-10DD-42B5-B39B-523E3BA25424} = {C0CA3CB9-10DD-42B5-B39B-523E3BA25424}
	EndProjectSection
EndProject
Project("{9A19103F-16F7-4668-BE54-9A1E7A4F7556}") = "reusablecode", "reusablecode\reusablecode.csproj", "{C0CA3CB9-10DD-42B5-B39B-523E3BA25424}"
EndProject
Global
	GlobalSection(SolutionConfigurationPlatforms) = preSolution
		Debug|Any CPU = Debug|Any CPU
		Release|Any CPU = Release|Any CPU
	EndGlobalSection
	GlobalSection(ProjectConfigurationPlatforms) = postSolution
		{E0771D44-F07F-4EF6-B153-306BEEE66E32}.Debug|Any CPU.ActiveCfg = Debug|Any CPU
		{E0771D44-F07F-4EF6-B153-306BEEE66E32}.Debug|Any CPU.Build.0 = Debug|Any CPU
		{E0771D44-F07F-4EF6-B153-306BEEE66E32}.Release|Any CPU.ActiveCfg = Release|Any CPU
		{E0771D44-F07F-4EF6-B153-306BEEE66E32}.Release|Any CPU.Build.0 = Release|Any CPU
		{C0CA3CB9-10DD-42B5-B39B-523E3BA25424}.Debug|Any CPU.ActiveCfg = Debug|Any CPU
		{C0CA3CB9-10DD-42B5-B39B-523E3BA25424}.Debug|Any CPU.Build.0 = Debug|Any CPU
		{C0CA3CB9-10DD-42B5-B39B-523E3BA25424}.Release|Any CPU.ActiveCfg = Release|Any CPU
		{C0CA3CB9-10DD-42B5-B39B-523E3BA25424}.Release|Any CPU.Build.0 = Release|Any CPU
	EndGlobalSection
	GlobalSection(SolutionProperties) = preSolution
		HideSolutionNode = FALSE
	EndGlobalSection
	GlobalSection(ExtensibilityGlobals) = postSolution
		SolutionGuid = {478A2669-40B7-44B2-8E45-DB0BD5BDCE48}
	EndGlobalSection
EndGlobal
