
Microsoft Visual Studio Solution File, Format Version 12.00
# Visual Studio Version 17
VisualStudioVersion = 17.3.32811.315
MinimumVisualStudioVersion = 10.0.40219.1
Project("{FAE04EC0-301F-11D3-BF4B-00C04F79EFBC}") = "linkedlistdemo", "linkedlistdemo\linkedlistdemo.csproj", "{7038DE5F-4DD5-45C5-ACE9-465B8773F719}"
EndProject
Global
	GlobalSection(SolutionConfigurationPlatforms) = preSolution
		Debug|Any CPU = Debug|Any CPU
		Release|Any CPU = Release|Any CPU
	EndGlobalSection
	GlobalSection(ProjectConfigurationPlatforms) = postSolution
		{7038DE5F-4DD5-45C5-ACE9-465B8773F719}.Debug|Any CPU.ActiveCfg = Debug|Any CPU
		{7038DE5F-4DD5-45C5-ACE9-465B8773F719}.Debug|Any CPU.Build.0 = Debug|Any CPU
		{7038DE5F-4DD5-45C5-ACE9-465B8773F719}.Release|Any CPU.ActiveCfg = Release|Any CPU
		{7038DE5F-4DD5-45C5-ACE9-465B8773F719}.Release|Any CPU.Build.0 = Release|Any CPU
	EndGlobalSection
	GlobalSection(SolutionProperties) = preSolution
		HideSolutionNode = FALSE
	EndGlobalSection
	GlobalSection(ExtensibilityGlobals) = postSolution
		SolutionGuid = {D81C53C7-EF0A-4D32-8AB9-12FEF0B8A613}
	EndGlobalSection
EndGlobal
