
Microsoft Visual Studio Solution File, Format Version 12.00
# Visual Studio Version 17
VisualStudioVersion = 17.3.32811.315
MinimumVisualStudioVersion = 10.0.40219.1
Project("{FAE04EC0-301F-11D3-BF4B-00C04F79EFBC}") = "25-08-2022", "25-08-2022\25-08-2022.csproj", "{4FB7BF67-B686-43A2-97FB-2D939A58AF01}"
EndProject
Global
	GlobalSection(SolutionConfigurationPlatforms) = preSolution
		Debug|Any CPU = Debug|Any CPU
		Release|Any CPU = Release|Any CPU
	EndGlobalSection
	GlobalSection(ProjectConfigurationPlatforms) = postSolution
		{4FB7BF67-B686-43A2-97FB-2D939A58AF01}.Debug|Any CPU.ActiveCfg = Debug|Any CPU
		{4FB7BF67-B686-43A2-97FB-2D939A58AF01}.Debug|Any CPU.Build.0 = Debug|Any CPU
		{4FB7BF67-B686-43A2-97FB-2D939A58AF01}.Release|Any CPU.ActiveCfg = Release|Any CPU
		{4FB7BF67-B686-43A2-97FB-2D939A58AF01}.Release|Any CPU.Build.0 = Release|Any CPU
	EndGlobalSection
	GlobalSection(SolutionProperties) = preSolution
		HideSolutionNode = FALSE
	EndGlobalSection
	GlobalSection(ExtensibilityGlobals) = postSolution
		SolutionGuid = {104FB5A7-9281-46CD-8ACC-37E06AEEAC16}
	EndGlobalSection
EndGlobal
