
Microsoft Visual Studio Solution File, Format Version 12.00
# Visual Studio Version 17
VisualStudioVersion = 17.3.32811.315
MinimumVisualStudioVersion = 10.0.40219.1
Project("{FAE04EC0-301F-11D3-BF4B-00C04F79EFBC}") = "27-09-2022", "27-09-2022\27-09-2022.csproj", "{F73D1478-79B9-4913-BE87-5234DC218A09}"
	ProjectSection(ProjectDependencies) = postProject
		{9BE156FE-EC1D-42C1-91A7-AB17499BF2F6} = {9BE156FE-EC1D-42C1-91A7-AB17499BF2F6}
		{A31CA6F6-2511-4A7A-BA0E-0C05535463D7} = {A31CA6F6-2511-4A7A-BA0E-0C05535463D7}
	EndProjectSection
EndProject
Project("{FAE04EC0-301F-11D3-BF4B-00C04F79EFBC}") = "Disconnected BLL", "Disconnected BLL\Disconnected BLL.csproj", "{A31CA6F6-2511-4A7A-BA0E-0C05535463D7}"
EndProject
Project("{FAE04EC0-301F-11D3-BF4B-00C04F79EFBC}") = "Disconnected DAL", "Disconnected DAL\Disconnected DAL.csproj", "{9FAD28A0-9B7F-4F18-9FA1-89B3EA3D7DB4}"
EndProject
Project("{FAE04EC0-301F-11D3-BF4B-00C04F79EFBC}") = "HelperLibrary", "HelperLibrary\HelperLibrary.csproj", "{9BE156FE-EC1D-42C1-91A7-AB17499BF2F6}"
EndProject
Global
	GlobalSection(SolutionConfigurationPlatforms) = preSolution
		Debug|Any CPU = Debug|Any CPU
		Release|Any CPU = Release|Any CPU
	EndGlobalSection
	GlobalSection(ProjectConfigurationPlatforms) = postSolution
		{F73D1478-79B9-4913-BE87-5234DC218A09}.Debug|Any CPU.ActiveCfg = Debug|Any CPU
		{F73D1478-79B9-4913-BE87-5234DC218A09}.Debug|Any CPU.Build.0 = Debug|Any CPU
		{F73D1478-79B9-4913-BE87-5234DC218A09}.Release|Any CPU.ActiveCfg = Release|Any CPU
		{F73D1478-79B9-4913-BE87-5234DC218A09}.Release|Any CPU.Build.0 = Release|Any CPU
		{A31CA6F6-2511-4A7A-BA0E-0C05535463D7}.Debug|Any CPU.ActiveCfg = Debug|Any CPU
		{A31CA6F6-2511-4A7A-BA0E-0C05535463D7}.Debug|Any CPU.Build.0 = Debug|Any CPU
		{A31CA6F6-2511-4A7A-BA0E-0C05535463D7}.Release|Any CPU.ActiveCfg = Release|Any CPU
		{A31CA6F6-2511-4A7A-BA0E-0C05535463D7}.Release|Any CPU.Build.0 = Release|Any CPU
		{9FAD28A0-9B7F-4F18-9FA1-89B3EA3D7DB4}.Debug|Any CPU.ActiveCfg = Debug|Any CPU
		{9FAD28A0-9B7F-4F18-9FA1-89B3EA3D7DB4}.Debug|Any CPU.Build.0 = Debug|Any CPU
		{9FAD28A0-9B7F-4F18-9FA1-89B3EA3D7DB4}.Release|Any CPU.ActiveCfg = Release|Any CPU
		{9FAD28A0-9B7F-4F18-9FA1-89B3EA3D7DB4}.Release|Any CPU.Build.0 = Release|Any CPU
		{9BE156FE-EC1D-42C1-91A7-AB17499BF2F6}.Debug|Any CPU.ActiveCfg = Debug|Any CPU
		{9BE156FE-EC1D-42C1-91A7-AB17499BF2F6}.Debug|Any CPU.Build.0 = Debug|Any CPU
		{9BE156FE-EC1D-42C1-91A7-AB17499BF2F6}.Release|Any CPU.ActiveCfg = Release|Any CPU
		{9BE156FE-EC1D-42C1-91A7-AB17499BF2F6}.Release|Any CPU.Build.0 = Release|Any CPU
	EndGlobalSection
	GlobalSection(SolutionProperties) = preSolution
		HideSolutionNode = FALSE
	EndGlobalSection
	GlobalSection(ExtensibilityGlobals) = postSolution
		SolutionGuid = {BEA8723F-1D23-4916-84B9-2426061F428E}
	EndGlobalSection
EndGlobal
